
Microsoft Visual Studio Solution File, Format Version 11.00
# Visual Studio 2010
Project("{FAE04EC0-301F-11D3-BF4B-00C04F79EFBC}") = "Net40Tests", "Net40Tests.csproj", "{377F2B03-391E-4C59-AA07-FC832AC59F04}"
EndProject
Global
	GlobalSection(SolutionConfigurationPlatforms) = preSolution
		Debug|Any CPU = Debug|Any CPU
		Release|Any CPU = Release|Any CPU
	EndGlobalSection
	GlobalSection(ProjectConfigurationPlatforms) = postSolution
		{377F2B03-391E-4C59-AA07-FC832AC59F04}.Debug|Any CPU.ActiveCfg = Debug|Any CPU
		{377F2B03-391E-4C59-AA07-FC832AC59F04}.Debug|Any CPU.Build.0 = Debug|Any CPU
		{377F2B03-391E-4C59-AA07-FC832AC59F04}.Release|Any CPU.ActiveCfg = Release|Any CPU
		{377F2B03-391E-4C59-AA07-FC832AC59F04}.Release|Any CPU.Build.0 = Release|Any CPU
	EndGlobalSection
	GlobalSection(SolutionProperties) = preSolution
		HideSolutionNode = FALSE
	EndGlobalSection
EndGlobal
